
Microsoft Visual Studio Solution File, Format Version 12.00
# Visual Studio 15
VisualStudioVersion = 15.0.27703.2000
MinimumVisualStudioVersion = 10.0.40219.1
Project("{FAE04EC0-301F-11D3-BF4B-00C04F79EFBC}") = "Mobxtest", "Mobxtest\Mobxtest.csproj", "{C06C3438-BF66-4E1D-8B7C-3C5A584380A5}"
EndProject
Global
	GlobalSection(SolutionConfigurationPlatforms) = preSolution
		Debug|Any CPU = Debug|Any CPU
		Release|Any CPU = Release|Any CPU
	EndGlobalSection
	GlobalSection(ProjectConfigurationPlatforms) = postSolution
		{C06C3438-BF66-4E1D-8B7C-3C5A584380A5}.Debug|Any CPU.ActiveCfg = Debug|Any CPU
		{C06C3438-BF66-4E1D-8B7C-3C5A584380A5}.Debug|Any CPU.Build.0 = Debug|Any CPU
		{C06C3438-BF66-4E1D-8B7C-3C5A584380A5}.Release|Any CPU.ActiveCfg = Release|Any CPU
		{C06C3438-BF66-4E1D-8B7C-3C5A584380A5}.Release|Any CPU.Build.0 = Release|Any CPU
	EndGlobalSection
	GlobalSection(SolutionProperties) = preSolution
		HideSolutionNode = FALSE
	EndGlobalSection
	GlobalSection(ExtensibilityGlobals) = postSolution
		SolutionGuid = {3CDADD15-57CB-4561-A71A-FCE06571A5FA}
	EndGlobalSection
EndGlobal
